PODS:
  - STKitSwift (1.0)
  - SwiftLint (0.32.0)

DEPENDENCIES:
  - STKitSwift (from `../`)
  - SwiftLint (~> 0.32.0)

SPEC REPOS:
  https://github.com/cocoapods/specs.git:
    - SwiftLint

EXTERNAL SOURCES:
  STKitSwift:
    :path: "../"

SPEC CHECKSUMS:
  STKitSwift: a7807f9cae0b2dcb347af5596fcecb14f1c22f08
  SwiftLint: 009a898ef2a1c851f45e1b59349bf6ff2ddc990d

PODFILE CHECKSUM: 603e5f6969b895f780b62dd4c02af61e9fc0302f

COCOAPODS: 1.6.1
