PODS:
  - SnapKit (5.0.0)
  - STKitSwift (1.0):
    - SnapKit

DEPENDENCIES:
  - SnapKit (~> 5.0.0)
  - STKitSwift (from `../`)

SPEC REPOS:
  https://github.com/cocoapods/specs.git:
    - SnapKit

EXTERNAL SOURCES:
  STKitSwift:
    :path: "../"

SPEC CHECKSUMS:
  SnapKit: fd22d10eb9aff484d79a8724eab922c1ddf89bcf
  STKitSwift: 5116700c2df00d3c5e11c721270ae294f8e6ff37

PODFILE CHECKSUM: 9dabf58c314a3931f2312bad964a07eb3e9c33b0

COCOAPODS: 1.6.1
