PODS:
  - SnapKit (5.0.0)
  - STKitSwift (1.2):
    - SnapKit
    - STKitSwift/STKit (= 1.2)
  - STKitSwift/STKit (1.2):
    - SnapKit

DEPENDENCIES:
  - SnapKit (~> 5.0.0)
  - STKitSwift (from `../`)

SPEC REPOS:
  https://github.com/CocoaPods/Specs.git:
    - SnapKit

EXTERNAL SOURCES:
  STKitSwift:
    :path: "../"

SPEC CHECKSUMS:
  SnapKit: fd22d10eb9aff484d79a8724eab922c1ddf89bcf
  STKitSwift: 395ba95b0b49a0605ce3251243eff4d53c58d74e

PODFILE CHECKSUM: b5ed0d54d1e94a22b025305f0a758b0305d262ac

COCOAPODS: 1.8.3
